
Microsoft Visual Studio Solution File, Format Version 12.00
# Visual Studio Version 16
VisualStudioVersion = 16.0.30621.155
MinimumVisualStudioVersion = 10.0.40219.1
Project("{FAE04EC0-301F-11D3-BF4B-00C04F79EFBC}") = "JessesWebAPI", "JessesWebAPI.csproj", "{144FF021-2F08-4F07-85FE-9C6A0D4A36BA}"
EndProject
Global
	GlobalSection(SolutionConfigurationPlatforms) = preSolution
		Debug|Any CPU = Debug|Any CPU
		Release|Any CPU = Release|Any CPU
	EndGlobalSection
	GlobalSection(ProjectConfigurationPlatforms) = postSolution
		{144FF021-2F08-4F07-85FE-9C6A0D4A36BA}.Debug|Any CPU.ActiveCfg = Debug|Any CPU
		{144FF021-2F08-4F07-85FE-9C6A0D4A36BA}.Debug|Any CPU.Build.0 = Debug|Any CPU
		{144FF021-2F08-4F07-85FE-9C6A0D4A36BA}.Release|Any CPU.ActiveCfg = Release|Any CPU
		{144FF021-2F08-4F07-85FE-9C6A0D4A36BA}.Release|Any CPU.Build.0 = Release|Any CPU
	EndGlobalSection
	GlobalSection(SolutionProperties) = preSolution
		HideSolutionNode = FALSE
	EndGlobalSection
	GlobalSection(ExtensibilityGlobals) = postSolution
		SolutionGuid = {EB9DFBD4-80D6-4C9D-A923-FB9EF70E1864}
	EndGlobalSection
EndGlobal
